
Microsoft Visual Studio Solution File, Format Version 11.00
# Visual Studio 2010
Project("{FAE04EC0-301F-11D3-BF4B-00C04F79EFBC}") = "HotelLizhen", "HotelTeacher\HotelLizhen.csproj", "{F8F11EC6-0FD0-4D49-B21D-E6FC6A453A76}"
EndProject
Project("{FAE04EC0-301F-11D3-BF4B-00C04F79EFBC}") = "DAL", "DAL\DAL.csproj", "{76D0D4D1-5B94-4B47-B03A-A1ABDAB175A6}"
EndProject
Project("{FAE04EC0-301F-11D3-BF4B-00C04F79EFBC}") = "Models", "Models\Models.csproj", "{20D0F251-60A7-48C5-A464-1D83349C6D2A}"
EndProject
Global
	GlobalSection(SolutionConfigurationPlatforms) = preSolution
		Debug|Any CPU = Debug|Any CPU
		Release|Any CPU = Release|Any CPU
	EndGlobalSection
	GlobalSection(ProjectConfigurationPlatforms) = postSolution
		{F8F11EC6-0FD0-4D49-B21D-E6FC6A453A76}.Debug|Any CPU.ActiveCfg = Debug|Any CPU
		{F8F11EC6-0FD0-4D49-B21D-E6FC6A453A76}.Debug|Any CPU.Build.0 = Debug|Any CPU
		{F8F11EC6-0FD0-4D49-B21D-E6FC6A453A76}.Release|Any CPU.ActiveCfg = Release|Any CPU
		{F8F11EC6-0FD0-4D49-B21D-E6FC6A453A76}.Release|Any CPU.Build.0 = Release|Any CPU
		{76D0D4D1-5B94-4B47-B03A-A1ABDAB175A6}.Debug|Any CPU.ActiveCfg = Debug|Any CPU
		{76D0D4D1-5B94-4B47-B03A-A1ABDAB175A6}.Debug|Any CPU.Build.0 = Debug|Any CPU
		{76D0D4D1-5B94-4B47-B03A-A1ABDAB175A6}.Release|Any CPU.ActiveCfg = Release|Any CPU
		{76D0D4D1-5B94-4B47-B03A-A1ABDAB175A6}.Release|Any CPU.Build.0 = Release|Any CPU
		{20D0F251-60A7-48C5-A464-1D83349C6D2A}.Debug|Any CPU.ActiveCfg = Debug|Any CPU
		{20D0F251-60A7-48C5-A464-1D83349C6D2A}.Debug|Any CPU.Build.0 = Debug|Any CPU
		{20D0F251-60A7-48C5-A464-1D83349C6D2A}.Release|Any CPU.ActiveCfg = Release|Any CPU
		{20D0F251-60A7-48C5-A464-1D83349C6D2A}.Release|Any CPU.Build.0 = Release|Any CPU
	EndGlobalSection
	GlobalSection(SolutionProperties) = preSolution
		HideSolutionNode = FALSE
	EndGlobalSection
EndGlobal
